
Microsoft Visual Studio Solution File, Format Version 12.00
# Visual Studio 14
VisualStudioVersion = 14.0.25420.1
MinimumVisualStudioVersion = 10.0.40219.1
Project("{FAE04EC0-301F-11D3-BF4B-00C04F79EFBC}") = "Mepham.Forum.Models", "Mepham.Forum.Models\Mepham.Forum.Models.csproj", "{978A2700-86E3-447D-8969-12C0D4F51D79}"
EndProject
Project("{FAE04EC0-301F-11D3-BF4B-00C04F79EFBC}") = "Mepham.Forum.DAL", "Mepham.Forum.Services\Mepham.Forum.DAL.csproj", "{707D89E3-88CC-48EF-A3FF-75788CBEB758}"
EndProject
Project("{FAE04EC0-301F-11D3-BF4B-00C04F79EFBC}") = "Mepham.Forum.Dtos", "Mepham.Forum.Dtos\Mepham.Forum.Dtos.csproj", "{7022D083-52FC-45A2-A2E4-13D28BB65FA4}"
EndProject
Project("{FAE04EC0-301F-11D3-BF4B-00C04F79EFBC}") = "Mepham.Forum.DAL.Test", "Mepham.Forum.DAL.Test\Mepham.Forum.DAL.Test.csproj", "{5034C654-48D4-4F2D-B859-5067014EF209}"
EndProject
Global
	GlobalSection(SolutionConfigurationPlatforms) = preSolution
		Debug|Any CPU = Debug|Any CPU
		Release|Any CPU = Release|Any CPU
	EndGlobalSection
	GlobalSection(ProjectConfigurationPlatforms) = postSolution
		{978A2700-86E3-447D-8969-12C0D4F51D79}.Debug|Any CPU.ActiveCfg = Debug|Any CPU
		{978A2700-86E3-447D-8969-12C0D4F51D79}.Debug|Any CPU.Build.0 = Debug|Any CPU
		{978A2700-86E3-447D-8969-12C0D4F51D79}.Release|Any CPU.ActiveCfg = Release|Any CPU
		{978A2700-86E3-447D-8969-12C0D4F51D79}.Release|Any CPU.Build.0 = Release|Any CPU
		{707D89E3-88CC-48EF-A3FF-75788CBEB758}.Debug|Any CPU.ActiveCfg = Debug|Any CPU
		{707D89E3-88CC-48EF-A3FF-75788CBEB758}.Debug|Any CPU.Build.0 = Debug|Any CPU
		{707D89E3-88CC-48EF-A3FF-75788CBEB758}.Release|Any CPU.ActiveCfg = Release|Any CPU
		{707D89E3-88CC-48EF-A3FF-75788CBEB758}.Release|Any CPU.Build.0 = Release|Any CPU
		{7022D083-52FC-45A2-A2E4-13D28BB65FA4}.Debug|Any CPU.ActiveCfg = Debug|Any CPU
		{7022D083-52FC-45A2-A2E4-13D28BB65FA4}.Debug|Any CPU.Build.0 = Debug|Any CPU
		{7022D083-52FC-45A2-A2E4-13D28BB65FA4}.Release|Any CPU.ActiveCfg = Release|Any CPU
		{7022D083-52FC-45A2-A2E4-13D28BB65FA4}.Release|Any CPU.Build.0 = Release|Any CPU
		{5034C654-48D4-4F2D-B859-5067014EF209}.Debug|Any CPU.ActiveCfg = Debug|Any CPU
		{5034C654-48D4-4F2D-B859-5067014EF209}.Debug|Any CPU.Build.0 = Debug|Any CPU
		{5034C654-48D4-4F2D-B859-5067014EF209}.Release|Any CPU.ActiveCfg = Release|Any CPU
		{5034C654-48D4-4F2D-B859-5067014EF209}.Release|Any CPU.Build.0 = Release|Any CPU
	EndGlobalSection
	GlobalSection(SolutionProperties) = preSolution
		HideSolutionNode = FALSE
	EndGlobalSection
EndGlobal
